
Microsoft Visual Studio Solution File, Format Version 12.00
# Visual Studio Version 16
VisualStudioVersion = 16.0.30804.86
MinimumVisualStudioVersion = 10.0.40219.1
Project("{FAE04EC0-301F-11D3-BF4B-00C04F79EFBC}") = "SuperAdventure", "SuperAdventure\SuperAdventure.csproj", "{F6F90613-4F36-4205-8297-62B542905894}"
EndProject
Project("{9A19103F-16F7-4668-BE54-9A1E7A4F7556}") = "Engine", "Engine\Engine.csproj", "{338F6E3A-E609-4542-8AC9-D0DEC89382ED}"
EndProject
Project("{9A19103F-16F7-4668-BE54-9A1E7A4F7556}") = "SuperAdventureConsole", "SuperAdventureConsole\SuperAdventureConsole.csproj", "{6E01D913-60F7-41B9-81F6-077977FC266E}"
EndProject
Global
	GlobalSection(SolutionConfigurationPlatforms) = preSolution
		Debug|Any CPU = Debug|Any CPU
		Release|Any CPU = Release|Any CPU
	EndGlobalSection
	GlobalSection(ProjectConfigurationPlatforms) = postSolution
		{F6F90613-4F36-4205-8297-62B542905894}.Debug|Any CPU.ActiveCfg = Debug|Any CPU
		{F6F90613-4F36-4205-8297-62B542905894}.Debug|Any CPU.Build.0 = Debug|Any CPU
		{F6F90613-4F36-4205-8297-62B542905894}.Release|Any CPU.ActiveCfg = Release|Any CPU
		{F6F90613-4F36-4205-8297-62B542905894}.Release|Any CPU.Build.0 = Release|Any CPU
		{338F6E3A-E609-4542-8AC9-D0DEC89382ED}.Debug|Any CPU.ActiveCfg = Debug|Any CPU
		{338F6E3A-E609-4542-8AC9-D0DEC89382ED}.Debug|Any CPU.Build.0 = Debug|Any CPU
		{338F6E3A-E609-4542-8AC9-D0DEC89382ED}.Release|Any CPU.ActiveCfg = Release|Any CPU
		{338F6E3A-E609-4542-8AC9-D0DEC89382ED}.Release|Any CPU.Build.0 = Release|Any CPU
		{6E01D913-60F7-41B9-81F6-077977FC266E}.Debug|Any CPU.ActiveCfg = Debug|Any CPU
		{6E01D913-60F7-41B9-81F6-077977FC266E}.Debug|Any CPU.Build.0 = Debug|Any CPU
		{6E01D913-60F7-41B9-81F6-077977FC266E}.Release|Any CPU.ActiveCfg = Release|Any CPU
		{6E01D913-60F7-41B9-81F6-077977FC266E}.Release|Any CPU.Build.0 = Release|Any CPU
	EndGlobalSection
	GlobalSection(SolutionProperties) = preSolution
		HideSolutionNode = FALSE
	EndGlobalSection
	GlobalSection(ExtensibilityGlobals) = postSolution
		SolutionGuid = {9E876724-67A1-4212-B5F8-BAF440BD843F}
		VisualSVNWorkingCopyRoot = .
	EndGlobalSection
EndGlobal
